
Microsoft Visual Studio Solution File, Format Version 12.00
# Visual Studio Version 17
VisualStudioVersion = 17.0.31903.59
MinimumVisualStudioVersion = 10.0.40219.1
Project("{2150E333-8FDC-42A3-9474-1A3956D46DE8}") = "src", "src", "{827E0CD3-B72D-47B6-A68D-7590B98EB39B}"
EndProject
Project("{FAE04EC0-301F-11D3-BF4B-00C04F79EFBC}") = "TurulMC.Core", "src\TurulMC.Core\TurulMC.Core.csproj", "{FA93EFC6-ABBA-4FD4-8B25-6055CDDA6313}"
EndProject
Project("{FAE04EC0-301F-11D3-BF4B-00C04F79EFBC}") = "TurulMC.Infrastructure", "src\TurulMC.Infrastructure\TurulMC.Infrastructure.csproj", "{5C49524B-0AFC-406F-8A1B-E1F4B85893DD}"
EndProject
Project("{FAE04EC0-301F-11D3-BF4B-00C04F79EFBC}") = "TurulMC.Launcher", "src\TurulMC.Launcher\TurulMC.Launcher.csproj", "{55B3882D-25CF-4904-86C8-C26D3D4F3982}"
EndProject
Project("{2150E333-8FDC-42A3-9474-1A3956D46DE8}") = "tests", "tests", "{0AB3BF05-4346-4AA6-1389-037BE0695223}"
EndProject
Project("{FAE04EC0-301F-11D3-BF4B-00C04F79EFBC}") = "TurulMC.Core.Tests", "tests\TurulMC.Core.Tests\TurulMC.Core.Tests.csproj", "{65858B2C-895C-4A8B-AF1D-E075028BBC35}"
EndProject
Project("{FAE04EC0-301F-11D3-BF4B-00C04F79EFBC}") = "TurulMC.Cli", "src\TurulMC.Cli\TurulMC.Cli.csproj", "{A31B4D74-0F0D-4C87-A6B4-8C43B4C93A30}"
EndProject
Project("{FAE04EC0-301F-11D3-BF4B-00C04F79EFBC}") = "TurulMC.Features.SmokeTests", "tests\TurulMC.Features.SmokeTests\TurulMC.Features.SmokeTests.csproj", "{3F1A7C5E-0B4D-4E62-9A7B-6C2D1E8F4A93}"
EndProject
Global
	GlobalSection(SolutionConfigurationPlatforms) = preSolution
		Debug|Any CPU = Debug|Any CPU
		Debug|x64 = Debug|x64
		Debug|x86 = Debug|x86
		Release|Any CPU = Release|Any CPU
		Release|x64 = Release|x64
		Release|x86 = Release|x86
	EndGlobalSection
	GlobalSection(ProjectConfigurationPlatforms) = postSolution
		{FA93EFC6-ABBA-4FD4-8B25-6055CDDA6313}.Debug|Any CPU.ActiveCfg = Debug|Any CPU
		{FA93EFC6-ABBA-4FD4-8B25-6055CDDA6313}.Debug|Any CPU.Build.0 = Debug|Any CPU
		{FA93EFC6-ABBA-4FD4-8B25-6055CDDA6313}.Debug|x64.ActiveCfg = Debug|Any CPU
		{FA93EFC6-ABBA-4FD4-8B25-6055CDDA6313}.Debug|x64.Build.0 = Debug|Any CPU
		{FA93EFC6-ABBA-4FD4-8B25-6055CDDA6313}.Debug|x86.ActiveCfg = Debug|Any CPU
		{FA93EFC6-ABBA-4FD4-8B25-6055CDDA6313}.Debug|x86.Build.0 = Debug|Any CPU
		{FA93EFC6-ABBA-4FD4-8B25-6055CDDA6313}.Release|Any CPU.ActiveCfg = Release|Any CPU
		{FA93EFC6-ABBA-4FD4-8B25-6055CDDA6313}.Release|Any CPU.Build.0 = Release|Any CPU
		{FA93EFC6-ABBA-4FD4-8B25-6055CDDA6313}.Release|x64.ActiveCfg = Release|Any CPU
		{FA93EFC6-ABBA-4FD4-8B25-6055CDDA6313}.Release|x64.Build.0 = Release|Any CPU
		{FA93EFC6-ABBA-4FD4-8B25-6055CDDA6313}.Release|x86.ActiveCfg = Release|Any CPU
		{FA93EFC6-ABBA-4FD4-8B25-6055CDDA6313}.Release|x86.Build.0 = Release|Any CPU
		{5C49524B-0AFC-406F-8A1B-E1F4B85893DD}.Debug|Any CPU.ActiveCfg = Debug|Any CPU
		{5C49524B-0AFC-406F-8A1B-E1F4B85893DD}.Debug|Any CPU.Build.0 = Debug|Any CPU
		{5C49524B-0AFC-406F-8A1B-E1F4B85893DD}.Debug|x64.ActiveCfg = Debug|Any CPU
		{5C49524B-0AFC-406F-8A1B-E1F4B85893DD}.Debug|x64.Build.0 = Debug|Any CPU
		{5C49524B-0AFC-406F-8A1B-E1F4B85893DD}.Debug|x86.ActiveCfg = Debug|Any CPU
		{5C49524B-0AFC-406F-8A1B-E1F4B85893DD}.Debug|x86.Build.0 = Debug|Any CPU
		{5C49524B-0AFC-406F-8A1B-E1F4B85893DD}.Release|Any CPU.ActiveCfg = Release|Any CPU
		{5C49524B-0AFC-406F-8A1B-E1F4B85893DD}.Release|Any CPU.Build.0 = Release|Any CPU
		{5C49524B-0AFC-406F-8A1B-E1F4B85893DD}.Release|x64.ActiveCfg = Release|Any CPU
		{5C49524B-0AFC-406F-8A1B-E1F4B85893DD}.Release|x64.Build.0 = Release|Any CPU
		{5C49524B-0AFC-406F-8A1B-E1F4B85893DD}.Release|x86.ActiveCfg = Release|Any CPU
		{5C49524B-0AFC-406F-8A1B-E1F4B85893DD}.Release|x86.Build.0 = Release|Any CPU
		{55B3882D-25CF-4904-86C8-C26D3D4F3982}.Debug|Any CPU.ActiveCfg = Debug|Any CPU
		{55B3882D-25CF-4904-86C8-C26D3D4F3982}.Debug|Any CPU.Build.0 = Debug|Any CPU
		{55B3882D-25CF-4904-86C8-C26D3D4F3982}.Debug|x64.ActiveCfg = Debug|Any CPU
		{55B3882D-25CF-4904-86C8-C26D3D4F3982}.Debug|x64.Build.0 = Debug|Any CPU
		{55B3882D-25CF-4904-86C8-C26D3D4F3982}.Debug|x86.ActiveCfg = Debug|Any CPU
		{55B3882D-25CF-4904-86C8-C26D3D4F3982}.Debug|x86.Build.0 = Debug|Any CPU
		{55B3882D-25CF-4904-86C8-C26D3D4F3982}.Release|Any CPU.ActiveCfg = Release|Any CPU
		{55B3882D-25CF-4904-86C8-C26D3D4F3982}.Release|Any CPU.Build.0 = Release|Any CPU
		{55B3882D-25CF-4904-86C8-C26D3D4F3982}.Release|x64.ActiveCfg = Release|Any CPU
		{55B3882D-25CF-4904-86C8-C26D3D4F3982}.Release|x64.Build.0 = Release|Any CPU
		{55B3882D-25CF-4904-86C8-C26D3D4F3982}.Release|x86.ActiveCfg = Release|Any CPU
		{55B3882D-25CF-4904-86C8-C26D3D4F3982}.Release|x86.Build.0 = Release|Any CPU
		{65858B2C-895C-4A8B-AF1D-E075028BBC35}.Debug|Any CPU.ActiveCfg = Debug|Any CPU
		{65858B2C-895C-4A8B-AF1D-E075028BBC35}.Debug|Any CPU.Build.0 = Debug|Any CPU
		{65858B2C-895C-4A8B-AF1D-E075028BBC35}.Debug|x64.ActiveCfg = Debug|Any CPU
		{65858B2C-895C-4A8B-AF1D-E075028BBC35}.Debug|x64.Build.0 = Debug|Any CPU
		{65858B2C-895C-4A8B-AF1D-E075028BBC35}.Debug|x86.ActiveCfg = Debug|Any CPU
		{65858B2C-895C-4A8B-AF1D-E075028BBC35}.Debug|x86.Build.0 = Debug|Any CPU
		{65858B2C-895C-4A8B-AF1D-E075028BBC35}.Release|Any CPU.ActiveCfg = Release|Any CPU
		{65858B2C-895C-4A8B-AF1D-E075028BBC35}.Release|Any CPU.Build.0 = Release|Any CPU
		{65858B2C-895C-4A8B-AF1D-E075028BBC35}.Release|x64.ActiveCfg = Release|Any CPU
		{65858B2C-895C-4A8B-AF1D-E075028BBC35}.Release|x64.Build.0 = Release|Any CPU
		{65858B2C-895C-4A8B-AF1D-E075028BBC35}.Release|x86.ActiveCfg = Release|Any CPU
		{65858B2C-895C-4A8B-AF1D-E075028BBC35}.Release|x86.Build.0 = Release|Any CPU
		{3F1A7C5E-0B4D-4E62-9A7B-6C2D1E8F4A93}.Debug|Any CPU.ActiveCfg = Debug|Any CPU
		{3F1A7C5E-0B4D-4E62-9A7B-6C2D1E8F4A93}.Debug|Any CPU.Build.0 = Debug|Any CPU
		{3F1A7C5E-0B4D-4E62-9A7B-6C2D1E8F4A93}.Debug|x64.ActiveCfg = Debug|Any CPU
		{3F1A7C5E-0B4D-4E62-9A7B-6C2D1E8F4A93}.Debug|x64.Build.0 = Debug|Any CPU
		{3F1A7C5E-0B4D-4E62-9A7B-6C2D1E8F4A93}.Debug|x86.ActiveCfg = Debug|Any CPU
		{3F1A7C5E-0B4D-4E62-9A7B-6C2D1E8F4A93}.Debug|x86.Build.0 = Debug|Any CPU
		{3F1A7C5E-0B4D-4E62-9A7B-6C2D1E8F4A93}.Release|Any CPU.ActiveCfg = Release|Any CPU
		{3F1A7C5E-0B4D-4E62-9A7B-6C2D1E8F4A93}.Release|Any CPU.Build.0 = Release|Any CPU
		{3F1A7C5E-0B4D-4E62-9A7B-6C2D1E8F4A93}.Release|x64.ActiveCfg = Release|Any CPU
		{3F1A7C5E-0B4D-4E62-9A7B-6C2D1E8F4A93}.Release|x64.Build.0 = Release|Any CPU
		{3F1A7C5E-0B4D-4E62-9A7B-6C2D1E8F4A93}.Release|x86.ActiveCfg = Release|Any CPU
		{3F1A7C5E-0B4D-4E62-9A7B-6C2D1E8F4A93}.Release|x86.Build.0 = Release|Any CPU
	EndGlobalSection
	GlobalSection(SolutionProperties) = preSolution
		HideSolutionNode = FALSE
	EndGlobalSection
	GlobalSection(NestedProjects) = preSolution
		{FA93EFC6-ABBA-4FD4-8B25-6055CDDA6313} = {827E0CD3-B72D-47B6-A68D-7590B98EB39B}
		{5C49524B-0AFC-406F-8A1B-E1F4B85893DD} = {827E0CD3-B72D-47B6-A68D-7590B98EB39B}
		{55B3882D-25CF-4904-86C8-C26D3D4F3982} = {827E0CD3-B72D-47B6-A68D-7590B98EB39B}
		{65858B2C-895C-4A8B-AF1D-E075028BBC35} = {0AB3BF05-4346-4AA6-1389-037BE0695223}
		{3F1A7C5E-0B4D-4E62-9A7B-6C2D1E8F4A93} = {0AB3BF05-4346-4AA6-1389-037BE0695223}
	EndGlobalSection
EndGlobal
